
Microsoft Visual Studio Solution File, Format Version 12.00
# Visual Studio Version 16
VisualStudioVersion = 16.0.29201.188
MinimumVisualStudioVersion = 10.0.40219.1
Project("{9A19103F-16F7-4668-BE54-9A1E7A4F7556}") = "AsyncDemo.WebApi", "AsyncDemo.WebApi\AsyncDemo.WebApi.csproj", "{C1EB8082-613B-411A-BE92-5A73CD0628F9}"
EndProject
Project("{2150E333-8FDC-42A3-9474-1A3956D46DE8}") = "Solution items", "Solution items", "{B37F980A-8AFF-4690-A593-536BE306F29E}"
	ProjectSection(SolutionItems) = preProject
		.gitignore = .gitignore
		README.md = README.md
	EndProjectSection
EndProject
Project("{FAE04EC0-301F-11D3-BF4B-00C04F79EFBC}") = "AsyncDemo.Console", "AsyncDemo.Cmd\AsyncDemo.Cmd.csproj", "{F5BC9D17-8DF7-4066-8006-5D98CD6FD5BE}"
EndProject
Global
	GlobalSection(SolutionConfigurationPlatforms) = preSolution
		Debug|Any CPU = Debug|Any CPU
		Release|Any CPU = Release|Any CPU
	EndGlobalSection
	GlobalSection(ProjectConfigurationPlatforms) = postSolution
		{C1EB8082-613B-411A-BE92-5A73CD0628F9}.Debug|Any CPU.ActiveCfg = Debug|Any CPU
		{C1EB8082-613B-411A-BE92-5A73CD0628F9}.Debug|Any CPU.Build.0 = Debug|Any CPU
		{C1EB8082-613B-411A-BE92-5A73CD0628F9}.Release|Any CPU.ActiveCfg = Release|Any CPU
		{C1EB8082-613B-411A-BE92-5A73CD0628F9}.Release|Any CPU.Build.0 = Release|Any CPU
		{F5BC9D17-8DF7-4066-8006-5D98CD6FD5BE}.Debug|Any CPU.ActiveCfg = Debug|Any CPU
		{F5BC9D17-8DF7-4066-8006-5D98CD6FD5BE}.Debug|Any CPU.Build.0 = Debug|Any CPU
		{F5BC9D17-8DF7-4066-8006-5D98CD6FD5BE}.Release|Any CPU.ActiveCfg = Release|Any CPU
		{F5BC9D17-8DF7-4066-8006-5D98CD6FD5BE}.Release|Any CPU.Build.0 = Release|Any CPU
	EndGlobalSection
	GlobalSection(SolutionProperties) = preSolution
		HideSolutionNode = FALSE
	EndGlobalSection
	GlobalSection(ExtensibilityGlobals) = postSolution
		SolutionGuid = {8D121712-E876-4A01-B602-03BED7389835}
	EndGlobalSection
EndGlobal
